// !$*UTF8*$!
{
	archiveVersion = 1;
	classes = {
	};
	objectVersion = 77;
	objects = {

/* Begin PBXBuildFile section */
		D8A0ADE92DC06FDA00CA5BA3 /* FirebaseCore in Frameworks */ = {isa = PBXBuildFile; productRef = D8A0ADE82DC06FDA00CA5BA3 /* FirebaseCore */; };
		D8A0ADEB2DC06FDA00CA5BA3 /* FirebaseDatabase in Frameworks */ = {isa = PBXBuildFile; productRef = D8A0ADEA2DC06FDA00CA5BA3 /* FirebaseDatabase */; };
		D8A0ADED2DC06FDA00CA5BA3 /* FirebaseFirestore in Frameworks */ = {isa = PBXBuildFile; productRef = D8A0ADEC2DC06FDA00CA5BA3 /* FirebaseFirestore */; };
		D8A0ADEF2DC06FDA00CA5BA3 /* FirebaseStorage in Frameworks */ = {isa = PBXBuildFile; productRef = D8A0ADEE2DC06FDA00CA5BA3 /* FirebaseStorage */; };
/* End PBXBuildFile section */

/* Begin PBXCopyFilesBuildPhase section */
		D8A0ADD12DBFEE3400CA5BA3 /* CopyFiles */ = {
			isa = PBXCopyFilesBuildPhase;
			buildActionMask = 12;
			dstPath = "";
			dstSubfolderSpec = 16;
			files = (
			);
			runOnlyForDeploymentPostprocessing = 0;
		};
/* End PBXCopyFilesBuildPhase section */

/* Begin PBXFileReference section */
		D8A0ADD32DBFEE3400CA5BA3 /* testLookUpCafe */ = {isa = PBXFileReference; explicitFileType = "compiled.mach-o.executable"; includeInIndex = 0; path = testLookUpCafe; sourceTree = BUILT_PRODUCTS_DIR; };
/* End PBXFileReference section */

/* Begin PBXFileSystemSynchronizedGroupBuildPhaseMembershipExceptionSet section */
		D8A0ADE62DBFF1E800CA5BA3 /* Exceptions for "testLookUpCafe" folder in "Copy Files" phase from "testLookUpCafe" target */ = {
			isa = PBXFileSystemSynchronizedGroupBuildPhaseMembershipExceptionSet;
			attributesByRelativePath = {
				"GoogleService-Info.plist" = (CodeSignOnCopy, );
				categoryFile.txt = (CodeSignOnCopy, );
				cityDistrict.json = (CodeSignOnCopy, );
			};
			buildPhase = D8A0ADD12DBFEE3400CA5BA3 /* CopyFiles */;
			membershipExceptions = (
				categoryFile.txt,
				cityDistrict.json,
				"GoogleService-Info.plist",
			);
		};
/* End PBXFileSystemSynchronizedGroupBuildPhaseMembershipExceptionSet section */

/* Begin PBXFileSystemSynchronizedRootGroup section */
		D8A0ADD52DBFEE3400CA5BA3 /* testLookUpCafe */ = {
			isa = PBXFileSystemSynchronizedRootGroup;
			exceptions = (
				D8A0ADE62DBFF1E800CA5BA3 /* Exceptions for "testLookUpCafe" folder in "Copy Files" phase from "testLookUpCafe" target */,
			);
			path = testLookUpCafe;
			sourceTree = "<group>";
		};
/* End PBXFileSystemSynchronizedRootGroup section */

/* Begin PBXFrameworksBuildPhase section */
		D8A0ADD02DBFEE3400CA5BA3 /* Frameworks */ = {
			isa = PBXFrameworksBuildPhase;
			buildActionMask = 2147483647;
			files = (
				D8A0ADEB2DC06FDA00CA5BA3 /* FirebaseDatabase in Frameworks */,
				D8A0ADEF2DC06FDA00CA5BA3 /* FirebaseStorage in Frameworks */,
				D8A0ADE92DC06FDA00CA5BA3 /* FirebaseCore in Frameworks */,
				D8A0ADED2DC06FDA00CA5BA3 /* FirebaseFirestore in Frameworks */,
			);
			runOnlyForDeploymentPostprocessing = 0;
		};
/* End PBXFrameworksBuildPhase section */

/* Begin PBXGroup section */
		D8A0ADCA2DBFEE3400CA5BA3 = {
			isa = PBXGroup;
			children = (
				D8A0ADD52DBFEE3400CA5BA3 /* testLookUpCafe */,
				D8A0ADD42DBFEE3400CA5BA3 /* Products */,
			);
			sourceTree = "<group>";
		};
		D8A0ADD42DBFEE3400CA5BA3 /* Products */ = {
			isa = PBXGroup;
			children = (
				D8A0ADD32DBFEE3400CA5BA3 /* testLookUpCafe */,
			);
			name = Products;
			sourceTree = "<group>";
		};
/* End PBXGroup section */

/* Begin PBXNativeTarget section */
		D8A0ADD22DBFEE3400CA5BA3 /* testLookUpCafe */ = {
			isa = PBXNativeTarget;
			buildConfigurationList = D8A0ADDA2DBFEE3400CA5BA3 /* Build configuration list for PBXNativeTarget "testLookUpCafe" */;
			buildPhases = (
				D8A0ADCF2DBFEE3400CA5BA3 /* Sources */,
				D8A0ADD02DBFEE3400CA5BA3 /* Frameworks */,
				D8A0ADD12DBFEE3400CA5BA3 /* CopyFiles */,
			);
			buildRules = (
			);
			dependencies = (
			);
			fileSystemSynchronizedGroups = (
				D8A0ADD52DBFEE3400CA5BA3 /* testLookUpCafe */,
			);
			name = testLookUpCafe;
			packageProductDependencies = (
				D8A0ADE82DC06FDA00CA5BA3 /* FirebaseCore */,
				D8A0ADEA2DC06FDA00CA5BA3 /* FirebaseDatabase */,
				D8A0ADEC2DC06FDA00CA5BA3 /* FirebaseFirestore */,
				D8A0ADEE2DC06FDA00CA5BA3 /* FirebaseStorage */,
			);
			productName = testLookUpCafe;
			productReference = D8A0ADD32DBFEE3400CA5BA3 /* testLookUpCafe */;
			productType = "com.apple.product-type.tool";
		};
/* End PBXNativeTarget section */

/* Begin PBXProject section */
		D8A0ADCB2DBFEE3400CA5BA3 /* Project object */ = {
			isa = PBXProject;
			attributes = {
				BuildIndependentTargetsInParallel = 1;
				LastSwiftUpdateCheck = 1620;
				LastUpgradeCheck = 1620;
				TargetAttributes = {
					D8A0ADD22DBFEE3400CA5BA3 = {
						CreatedOnToolsVersion = 16.2;
					};
				};
			};
			buildConfigurationList = D8A0ADCE2DBFEE3400CA5BA3 /* Build configuration list for PBXProject "testLookUpCafe" */;
			developmentRegion = en;
			hasScannedForEncodings = 0;
			knownRegions = (
				en,
				Base,
			);
			mainGroup = D8A0ADCA2DBFEE3400CA5BA3;
			minimizedProjectReferenceProxies = 1;
			packageReferences = (
				D8A0ADE72DC06FDA00CA5BA3 /* XCRemoteSwiftPackageReference "firebase-ios-sdk" */,
			);
			preferredProjectObjectVersion = 77;
			productRefGroup = D8A0ADD42DBFEE3400CA5BA3 /* Products */;
			projectDirPath = "";
			projectRoot = "";
			targets = (
				D8A0ADD22DBFEE3400CA5BA3 /* testLookUpCafe */,
			);
		};
/* End PBXProject section */

/* Begin PBXSourcesBuildPhase section */
		D8A0ADCF2DBFEE3400CA5BA3 /* Sources */ = {
			isa = PBXSourcesBuildPhase;
			buildActionMask = 2147483647;
			files = (
			);
			runOnlyForDeploymentPostprocessing = 0;
		};
/* End PBXSourcesBuildPhase section */

/* Begin XCBuildConfiguration section */
		D8A0ADD82DBFEE3400CA5BA3 /* Debug */ = {
			isa = XCBuildConfiguration;
			buildSettings = {
				ALWAYS_SEARCH_USER_PATHS = NO;
				ASSETCATALOG_COMPILER_GENERATE_SWIFT_ASSET_SYMBOL_EXTENSIONS = YES;
				CLANG_ANALYZER_NONNULL = YES;
				CLANG_ANALYZER_NUMBER_OBJECT_CONVERSION = YES_AGGRESSIVE;
				CLANG_CXX_LANGUAGE_STANDARD = "gnu++20";
				CLANG_ENABLE_MODULES = YES;
				CLANG_ENABLE_OBJC_ARC = YES;
				CLANG_ENABLE_OBJC_WEAK = YES;
				CLANG_WARN_BLOCK_CAPTURE_AUTORELEASING = YES;
				CLANG_WARN_BOOL_CONVERSION = YES;
				CLANG_WARN_COMMA = YES;
				CLANG_WARN_CONSTANT_CONVERSION = YES;
				CLANG_WARN_DEPRECATED_OBJC_IMPLEMENTATIONS = YES;
				CLANG_WARN_DIRECT_OBJC_ISA_USAGE = YES_ERROR;
				CLANG_WARN_DOCUMENTATION_COMMENTS = YES;
				CLANG_WARN_EMPTY_BODY = YES;
				CLANG_WARN_ENUM_CONVERSION = YES;
				CLANG_WARN_INFINITE_RECURSION = YES;
				CLANG_WARN_INT_CONVERSION = YES;
				CLANG_WARN_NON_LITERAL_NULL_CONVERSION = YES;
				CLANG_WARN_OBJC_IMPLICIT_RETAIN_SELF = YES;
				CLANG_WARN_OBJC_LITERAL_CONVERSION = YES;
				CLANG_WARN_OBJC_ROOT_CLASS = YES_ERROR;
				CLANG_WARN_QUOTED_INCLUDE_IN_FRAMEWORK_HEADER = YES;
				CLANG_WARN_RANGE_LOOP_ANALYSIS = YES;
				CLANG_WARN_STRICT_PROTOTYPES = YES;
				CLANG_WARN_SUSPICIOUS_MOVE = YES;
				CLANG_WARN_UNGUARDED_AVAILABILITY = YES_AGGRESSIVE;
				CLANG_WARN_UNREACHABLE_CODE = YES;
				CLANG_WARN__DUPLICATE_METHOD_MATCH = YES;
				COPY_PHASE_STRIP = NO;
				DEBUG_INFORMATION_FORMAT = dwarf;
				ENABLE_STRICT_OBJC_MSGSEND = YES;
				ENABLE_TESTABILITY = YES;
				ENABLE_USER_SCRIPT_SANDBOXING = YES;
				GCC_C_LANGUAGE_STANDARD = gnu17;
				GCC_DYNAMIC_NO_PIC = NO;
				GCC_NO_COMMON_BLOCKS = YES;
				GCC_OPTIMIZATION_LEVEL = 0;
				GCC_PREPROCESSOR_DEFINITIONS = (
					"DEBUG=1",
					"$(inherited)",
				);
				GCC_WARN_64_TO_32_BIT_CONVERSION = YES;
				GCC_WARN_ABOUT_RETURN_TYPE = YES_ERROR;
				GCC_WARN_UNDECLARED_SELECTOR = YES;
				GCC_WARN_UNINITIALIZED_AUTOS = YES_AGGRESSIVE;
				GCC_WARN_UNUSED_FUNCTION = YES;
				GCC_WARN_UNUSED_VARIABLE = YES;
				LOCALIZATION_PREFERS_STRING_CATALOGS = YES;
				MACOSX_DEPLOYMENT_TARGET = 15.2;
				MTL_ENABLE_DEBUG_INFO = INCLUDE_SOURCE;
				MTL_FAST_MATH = YES;
				ONLY_ACTIVE_ARCH = YES;
				SDKROOT = macosx;
				SWIFT_ACTIVE_COMPILATION_CONDITIONS = "DEBUG $(inherited)";
				SWIFT_OPTIMIZATION_LEVEL = "-Onone";
			};
			name = Debug;
		};
		D8A0ADD92DBFEE3400CA5BA3 /* Release */ = {
			isa = XCBuildConfiguration;
			buildSettings = {
				ALWAYS_SEARCH_USER_PATHS = NO;
				ASSETCATALOG_COMPILER_GENERATE_SWIFT_ASSET_SYMBOL_EXTENSIONS = YES;
				CLANG_ANALYZER_NONNULL = YES;
				CLANG_ANALYZER_NUMBER_OBJECT_CONVERSION = YES_AGGRESSIVE;
				CLANG_CXX_LANGUAGE_STANDARD = "gnu++20";
				CLANG_ENABLE_MODULES = YES;
				CLANG_ENABLE_OBJC_ARC = YES;
				CLANG_ENABLE_OBJC_WEAK = YES;
				CLANG_WARN_BLOCK_CAPTURE_AUTORELEASING = YES;
				CLANG_WARN_BOOL_CONVERSION = YES;
				CLANG_WARN_COMMA = YES;
				CLANG_WARN_CONSTANT_CONVERSION = YES;
				CLANG_WARN_DEPRECATED_OBJC_IMPLEMENTATIONS = YES;
				CLANG_WARN_DIRECT_OBJC_ISA_USAGE = YES_ERROR;
				CLANG_WARN_DOCUMENTATION_COMMENTS = YES;
				CLANG_WARN_EMPTY_BODY = YES;
				CLANG_WARN_ENUM_CONVERSION = YES;
				CLANG_WARN_INFINITE_RECURSION = YES;
				CLANG_WARN_INT_CONVERSION = YES;
				CLANG_WARN_NON_LITERAL_NULL_CONVERSION = YES;
				CLANG_WARN_OBJC_IMPLICIT_RETAIN_SELF = YES;
				CLANG_WARN_OBJC_LITERAL_CONVERSION = YES;
				CLANG_WARN_OBJC_ROOT_CLASS = YES_ERROR;
				CLANG_WARN_QUOTED_INCLUDE_IN_FRAMEWORK_HEADER = YES;
				CLANG_WARN_RANGE_LOOP_ANALYSIS = YES;
				CLANG_WARN_STRICT_PROTOTYPES = YES;
				CLANG_WARN_SUSPICIOUS_MOVE = YES;
				CLANG_WARN_UNGUARDED_AVAILABILITY = YES_AGGRESSIVE;
				CLANG_WARN_UNREACHABLE_CODE = YES;
				CLANG_WARN__DUPLICATE_METHOD_MATCH = YES;
				COPY_PHASE_STRIP = NO;
				DEBUG_INFORMATION_FORMAT = "dwarf-with-dsym";
				ENABLE_NS_ASSERTIONS = NO;
				ENABLE_STRICT_OBJC_MSGSEND = YES;
				ENABLE_USER_SCRIPT_SANDBOXING = YES;
				GCC_C_LANGUAGE_STANDARD = gnu17;
				GCC_NO_COMMON_BLOCKS = YES;
				GCC_WARN_64_TO_32_BIT_CONVERSION = YES;
				GCC_WARN_ABOUT_RETURN_TYPE = YES_ERROR;
				GCC_WARN_UNDECLARED_SELECTOR = YES;
				GCC_WARN_UNINITIALIZED_AUTOS = YES_AGGRESSIVE;
				GCC_WARN_UNUSED_FUNCTION = YES;
				GCC_WARN_UNUSED_VARIABLE = YES;
				LOCALIZATION_PREFERS_STRING_CATALOGS = YES;
				MACOSX_DEPLOYMENT_TARGET = 15.2;
				MTL_ENABLE_DEBUG_INFO = NO;
				MTL_FAST_MATH = YES;
				SDKROOT = macosx;
				SWIFT_COMPILATION_MODE = wholemodule;
			};
			name = Release;
		};
		D8A0ADDB2DBFEE3400CA5BA3 /* Debug */ = {
			isa = XCBuildConfiguration;
			buildSettings = {
				CODE_SIGN_STYLE = Automatic;
				PRODUCT_NAME = "$(TARGET_NAME)";
				SWIFT_VERSION = 5.0;
			};
			name = Debug;
		};
		D8A0ADDC2DBFEE3400CA5BA3 /* Release */ = {
			isa = XCBuildConfiguration;
			buildSettings = {
				CODE_SIGN_STYLE = Automatic;
				PRODUCT_NAME = "$(TARGET_NAME)";
				SWIFT_VERSION = 5.0;
			};
			name = Release;
		};
/* End XCBuildConfiguration section */

/* Begin XCConfigurationList section */
		D8A0ADCE2DBFEE3400CA5BA3 /* Build configuration list for PBXProject "testLookUpCafe" */ = {
			isa = XCConfigurationList;
			buildConfigurations = (
				D8A0ADD82DBFEE3400CA5BA3 /* Debug */,
				D8A0ADD92DBFEE3400CA5BA3 /* Release */,
			);
			defaultConfigurationIsVisible = 0;
			defaultConfigurationName = Release;
		};
		D8A0ADDA2DBFEE3400CA5BA3 /* Build configuration list for PBXNativeTarget "testLookUpCafe" */ = {
			isa = XCConfigurationList;
			buildConfigurations = (
				D8A0ADDB2DBFEE3400CA5BA3 /* Debug */,
				D8A0ADDC2DBFEE3400CA5BA3 /* Release */,
			);
			defaultConfigurationIsVisible = 0;
			defaultConfigurationName = Release;
		};
/* End XCConfigurationList section */

/* Begin XCRemoteSwiftPackageReference section */
		D8A0ADE72DC06FDA00CA5BA3 /* XCRemoteSwiftPackageReference "firebase-ios-sdk" */ = {
			isa = XCRemoteSwiftPackageReference;
			repositoryURL = "https://github.com/firebase/firebase-ios-sdk";
			requirement = {
				kind = upToNextMajorVersion;
				minimumVersion = 11.12.0;
			};
		};
/* End XCRemoteSwiftPackageReference section */

/* Begin XCSwiftPackageProductDependency section */
		D8A0ADE82DC06FDA00CA5BA3 /* FirebaseCore */ = {
			isa = XCSwiftPackageProductDependency;
			package = D8A0ADE72DC06FDA00CA5BA3 /* XCRemoteSwiftPackageReference "firebase-ios-sdk" */;
			productName = FirebaseCore;
		};
		D8A0ADEA2DC06FDA00CA5BA3 /* FirebaseDatabase */ = {
			isa = XCSwiftPackageProductDependency;
			package = D8A0ADE72DC06FDA00CA5BA3 /* XCRemoteSwiftPackageReference "firebase-ios-sdk" */;
			productName = FirebaseDatabase;
		};
		D8A0ADEC2DC06FDA00CA5BA3 /* FirebaseFirestore */ = {
			isa = XCSwiftPackageProductDependency;
			package = D8A0ADE72DC06FDA00CA5BA3 /* XCRemoteSwiftPackageReference "firebase-ios-sdk" */;
			productName = FirebaseFirestore;
		};
		D8A0ADEE2DC06FDA00CA5BA3 /* FirebaseStorage */ = {
			isa = XCSwiftPackageProductDependency;
			package = D8A0ADE72DC06FDA00CA5BA3 /* XCRemoteSwiftPackageReference "firebase-ios-sdk" */;
			productName = FirebaseStorage;
		};
/* End XCSwiftPackageProductDependency section */
	};
	rootObject = D8A0ADCB2DBFEE3400CA5BA3 /* Project object */;
}
